
Microsoft Visual Studio Solution File, Format Version 10.00
# Visual Studio 2008
Project("{E24C65DC-7377-472B-9ABA-BC803B73C61A}") = "WebSite2V3", ".", "{F1B88474-41A6-47C0-9728-647ADC3A2370}"
	ProjectSection(WebsiteProperties) = preProject
		TargetFramework = "3.5"
		Debug.AspNetCompiler.VirtualPath = "/WebSite2V3"
		Debug.AspNetCompiler.PhysicalPath = "..\WebSite2V3\"
		Debug.AspNetCompiler.TargetPath = "PrecompiledWeb\WebSite2V3\"
		Debug.AspNetCompiler.Updateable = "true"
		Debug.AspNetCompiler.ForceOverwrite = "true"
		Debug.AspNetCompiler.FixedNames = "false"
		Debug.AspNetCompiler.Debug = "True"
		Release.AspNetCompiler.VirtualPath = "/WebSite2V3"
		Release.AspNetCompiler.PhysicalPath = "..\WebSite2V3\"
		Release.AspNetCompiler.TargetPath = "PrecompiledWeb\WebSite2V3\"
		Release.AspNetCompiler.Updateable = "true"
		Release.AspNetCompiler.ForceOverwrite = "true"
		Release.AspNetCompiler.FixedNames = "false"
		Release.AspNetCompiler.Debug = "False"
		VWDPort = "2062"
	EndProjectSection
EndProject
Global
	GlobalSection(SolutionConfigurationPlatforms) = preSolution
		Debug|Any CPU = Debug|Any CPU
	EndGlobalSection
	GlobalSection(ProjectConfigurationPlatforms) = postSolution
		{F1B88474-41A6-47C0-9728-647ADC3A2370}.Debug|Any CPU.ActiveCfg = Debug|Any CPU
		{F1B88474-41A6-47C0-9728-647ADC3A2370}.Debug|Any CPU.Build.0 = Debug|Any CPU
	EndGlobalSection
	GlobalSection(SolutionProperties) = preSolution
		HideSolutionNode = FALSE
	EndGlobalSection
EndGlobal
